
Microsoft Visual Studio Solution File, Format Version 12.00
# Visual Studio Version 16
VisualStudioVersion = 16.0.31005.135
MinimumVisualStudioVersion = 10.0.40219.1
Project("{FAE04EC0-301F-11D3-BF4B-00C04F79EFBC}") = "MoviesApi", "MoviesApi\MoviesApi.csproj", "{180A30C0-34BE-4F21-8437-68395431A326}"
EndProject
Project("{FAE04EC0-301F-11D3-BF4B-00C04F79EFBC}") = "MoviesBusinessService", "MoviesBusinessService\MoviesBusinessService.csproj", "{BFB76D64-E85F-4D0A-87EB-A722C0C6CC6F}"
EndProject
Global
	GlobalSection(SolutionConfigurationPlatforms) = preSolution
		Debug|Any CPU = Debug|Any CPU
		Release|Any CPU = Release|Any CPU
	EndGlobalSection
	GlobalSection(ProjectConfigurationPlatforms) = postSolution
		{180A30C0-34BE-4F21-8437-68395431A326}.Debug|Any CPU.ActiveCfg = Debug|Any CPU
		{180A30C0-34BE-4F21-8437-68395431A326}.Debug|Any CPU.Build.0 = Debug|Any CPU
		{180A30C0-34BE-4F21-8437-68395431A326}.Release|Any CPU.ActiveCfg = Release|Any CPU
		{180A30C0-34BE-4F21-8437-68395431A326}.Release|Any CPU.Build.0 = Release|Any CPU
		{BFB76D64-E85F-4D0A-87EB-A722C0C6CC6F}.Debug|Any CPU.ActiveCfg = Debug|Any CPU
		{BFB76D64-E85F-4D0A-87EB-A722C0C6CC6F}.Debug|Any CPU.Build.0 = Debug|Any CPU
		{BFB76D64-E85F-4D0A-87EB-A722C0C6CC6F}.Release|Any CPU.ActiveCfg = Release|Any CPU
		{BFB76D64-E85F-4D0A-87EB-A722C0C6CC6F}.Release|Any CPU.Build.0 = Release|Any CPU
	EndGlobalSection
	GlobalSection(SolutionProperties) = preSolution
		HideSolutionNode = FALSE
	EndGlobalSection
	GlobalSection(ExtensibilityGlobals) = postSolution
		SolutionGuid = {E16893AB-3331-46AE-A74A-579726A2919B}
	EndGlobalSection
EndGlobal
